
Microsoft Visual Studio Solution File, Format Version 12.00
# Visual Studio Version 17
VisualStudioVersion = 17.10.35122.118
MinimumVisualStudioVersion = 10.0.40219.1
Project("{9A19103F-16F7-4668-BE54-9A1E7A4F7556}") = "Demo03", "Demo03\Demo03.csproj", "{EFC0D425-7BD2-409A-A947-8214EA1379A4}"
EndProject
Project("{FAE04EC0-301F-11D3-BF4B-00C04F79EFBC}") = "Demo02", "Demo02\Demo02.csproj", "{26BCF09B-32B3-4351-A020-7B14B6479767}"
EndProject
Global
	GlobalSection(SolutionConfigurationPlatforms) = preSolution
		Debug|Any CPU = Debug|Any CPU
		Release|Any CPU = Release|Any CPU
	EndGlobalSection
	GlobalSection(ProjectConfigurationPlatforms) = postSolution
		{EFC0D425-7BD2-409A-A947-8214EA1379A4}.Debug|Any CPU.ActiveCfg = Debug|Any CPU
		{EFC0D425-7BD2-409A-A947-8214EA1379A4}.Debug|Any CPU.Build.0 = Debug|Any CPU
		{EFC0D425-7BD2-409A-A947-8214EA1379A4}.Release|Any CPU.ActiveCfg = Release|Any CPU
		{EFC0D425-7BD2-409A-A947-8214EA1379A4}.Release|Any CPU.Build.0 = Release|Any CPU
		{26BCF09B-32B3-4351-A020-7B14B6479767}.Debug|Any CPU.ActiveCfg = Debug|Any CPU
		{26BCF09B-32B3-4351-A020-7B14B6479767}.Debug|Any CPU.Build.0 = Debug|Any CPU
		{26BCF09B-32B3-4351-A020-7B14B6479767}.Release|Any CPU.ActiveCfg = Release|Any CPU
		{26BCF09B-32B3-4351-A020-7B14B6479767}.Release|Any CPU.Build.0 = Release|Any CPU
	EndGlobalSection
	GlobalSection(SolutionProperties) = preSolution
		HideSolutionNode = FALSE
	EndGlobalSection
	GlobalSection(ExtensibilityGlobals) = postSolution
		SolutionGuid = {09F8B7D3-FCA2-419F-9842-B2681229A85D}
	EndGlobalSection
EndGlobal
